
Microsoft Visual Studio Solution File, Format Version 12.00
# Visual Studio 2013
VisualStudioVersion = 12.0.31101.0
MinimumVisualStudioVersion = 10.0.40219.1
Project("{FAE04EC0-301F-11D3-BF4B-00C04F79EFBC}") = "ImgixClient", "Imgix-CSharp\ImgixClient.csproj", "{10B3D578-6CD3-4D65-B2CB-4380803E0E42}"
EndProject
Project("{FAE04EC0-301F-11D3-BF4B-00C04F79EFBC}") = "Cryptography", "Cryptography\Cryptography.csproj", "{1320A482-BC45-4BCF-A726-E39FBDD0D0AB}"
EndProject
Project("{FAE04EC0-301F-11D3-BF4B-00C04F79EFBC}") = "CryptographyTests", "CryptographyTests\CryptographyTests.csproj", "{60657485-094E-4EDA-8FA5-746F12B85E24}"
EndProject
Project("{FAE04EC0-301F-11D3-BF4B-00C04F79EFBC}") = "ImgixClientTests", "Imgix-CSharp-Tests\ImgixClientTests.csproj", "{D0A6445F-5B74-473B-B69D-8D08D0D989F8}"
EndProject
Project("{2150E333-8FDC-42A3-9474-1A3956D46DE8}") = ".nuget", ".nuget", "{A58700D4-72DD-453A-B260-3A144A2D14B8}"
	ProjectSection(SolutionItems) = preProject
		.travis.yml = .travis.yml
	EndProjectSection
EndProject
Global
	GlobalSection(SolutionConfigurationPlatforms) = preSolution
		Debug|Any CPU = Debug|Any CPU
		Release|Any CPU = Release|Any CPU
	EndGlobalSection
	GlobalSection(ProjectConfigurationPlatforms) = postSolution
		{10B3D578-6CD3-4D65-B2CB-4380803E0E42}.Debug|Any CPU.ActiveCfg = Debug|Any CPU
		{10B3D578-6CD3-4D65-B2CB-4380803E0E42}.Debug|Any CPU.Build.0 = Debug|Any CPU
		{10B3D578-6CD3-4D65-B2CB-4380803E0E42}.Release|Any CPU.ActiveCfg = Release|Any CPU
		{10B3D578-6CD3-4D65-B2CB-4380803E0E42}.Release|Any CPU.Build.0 = Release|Any CPU
		{1320A482-BC45-4BCF-A726-E39FBDD0D0AB}.Debug|Any CPU.ActiveCfg = Debug|Any CPU
		{1320A482-BC45-4BCF-A726-E39FBDD0D0AB}.Debug|Any CPU.Build.0 = Debug|Any CPU
		{1320A482-BC45-4BCF-A726-E39FBDD0D0AB}.Release|Any CPU.ActiveCfg = Release|Any CPU
		{1320A482-BC45-4BCF-A726-E39FBDD0D0AB}.Release|Any CPU.Build.0 = Release|Any CPU
		{60657485-094E-4EDA-8FA5-746F12B85E24}.Debug|Any CPU.ActiveCfg = Debug|Any CPU
		{60657485-094E-4EDA-8FA5-746F12B85E24}.Debug|Any CPU.Build.0 = Debug|Any CPU
		{60657485-094E-4EDA-8FA5-746F12B85E24}.Release|Any CPU.ActiveCfg = Release|Any CPU
		{60657485-094E-4EDA-8FA5-746F12B85E24}.Release|Any CPU.Build.0 = Release|Any CPU
		{D0A6445F-5B74-473B-B69D-8D08D0D989F8}.Debug|Any CPU.ActiveCfg = Debug|Any CPU
		{D0A6445F-5B74-473B-B69D-8D08D0D989F8}.Debug|Any CPU.Build.0 = Debug|Any CPU
		{D0A6445F-5B74-473B-B69D-8D08D0D989F8}.Release|Any CPU.ActiveCfg = Release|Any CPU
		{D0A6445F-5B74-473B-B69D-8D08D0D989F8}.Release|Any CPU.Build.0 = Release|Any CPU
	EndGlobalSection
	GlobalSection(SolutionProperties) = preSolution
		HideSolutionNode = FALSE
	EndGlobalSection
EndGlobal
